<?xml version="1.0" encoding="utf-8"?>
<Project ToolsVersion="4.0" xmlns="http://schemas.microsoft.com/developer/msbuild/2003">
  <ItemGroup>
    <ClCompile Include="src\Interpreter\Environmnet.cpp" />
    <ClCompile Include="src\Parser\Instructions\Instruction.h" />
    <ClCompile Include="src\Parser\Parser.cpp" />
    <ClCompile Include="src\Source.cpp" />
    <ClCompile Include="src\Token\Token.cpp" />
    <ClCompile Include="src\Token\Tokenizer.cpp" />
    <ClCompile Include="src\BigInteger\BigInteger.cpp" />
    <ClCompile Include="src\Interpreter\Interpreter.cpp" />
    <ClCompile Include="tests\Expressions\BinaryTests.cpp" />
    <ClCompile Include="tests\Expressions\ExpressionTests.cpp" />
    <ClCompile Include="tests\Expressions\TernaryTests.cpp" />
    <ClCompile Include="tests\Expressions\UnaryTests.cpp" />
    <ClCompile Include="tests\Instructions\AssignmentTests.cpp" />
    <ClCompile Include="tests\Instructions\ConditionTests.cpp" />
    <ClCompile Include="tests\Instructions\FunctionTests.cpp" />
    <ClCompile Include="tests\Instructions\LoopTests.cpp" />
    <ClCompile Include="tests\Instructions\PrintTests.cpp" />
    <ClCompile Include="tests\Instructions\ReadTests.cpp" />
    <ClCompile Include="tests\BigIntegerTests.cpp" />
    <ClCompile Include="tests\EnvironmentTests.cpp" />
    <ClCompile Include="tests\InterpreterTests.cpp" />
    <ClCompile Include="tests\ParserTests.cpp" />
    <ClCompile Include="tests\TokenizerTests.cpp" />
  </ItemGroup>
  <ItemGroup>
    <ClInclude Include="src\Errors\Error.h" />
    <ClInclude Include="src\Errors\RunTimeError.h" />
    <ClInclude Include="src\Interpreter\Environmnet.h" />
    <ClInclude Include="src\Parser\Expressions\Binary.h" />
    <ClInclude Include="src\Parser\Expressions\Variable.h" />
    <ClInclude Include="src\Parser\Instructions\Assignment.h" />
    <ClInclude Include="src\Parser\Instructions\Print.h" />
    <ClInclude Include="src\Parser\Parser.h" />
    <ClInclude Include="src\Parser\Expressions\Expression.h" />
    <ClInclude Include="src\Parser\Expressions\Grouping.h" />
    <ClInclude Include="src\Parser\Expressions\Primitive.h" />
    <ClInclude Include="src\Parser\Expressions\Unary.h" />
    <ClInclude Include="src\Errors\SyntaxError.h" />
    <ClInclude Include="src\Token\Token.h" />
    <ClInclude Include="src\Token\TokenType.h" />
    <ClInclude Include="src\Token\Tokenizer.h" />
    <ClInclude Include="src\Parser\Instructions\Read.h" />
    <ClInclude Include="src\Parser\Expressions\FunctionCaller.h" />
    <ClInclude Include="src\Parser\Expressions\FunctionDeclaration.h" />
    <ClInclude Include="src\Parser\Instructions\Declaration.h" />
    <ClInclude Include="src\Utility\Helper.h" />
    <ClInclude Include="src\Parser\Expressions\Ternary.h" />
    <ClInclude Include="src\Parser\Instructions\Condition.h" />
    <ClInclude Include="src\BigInteger\BigInteger.h" />
    <ClInclude Include="src\Parser\Instructions\Loop.h" />
    <ClInclude Include="src\Interpreter\Interpreter.h" />
    <ClInclude Include="tests\doctest.h" />
  </ItemGroup>
</Project>